
Microsoft Visual Studio Solution File, Format Version 12.00
# Visual Studio Version 17
VisualStudioVersion = 17.7.34018.315
MinimumVisualStudioVersion = 10.0.40219.1
Project("{FAE04EC0-301F-11D3-BF4B-00C04F79EFBC}") = "DessisionM1", "DessisionM1.csproj", "{551C2F3F-1A61-4DCE-A7AE-6DAF83B7E981}"
EndProject
Global
	GlobalSection(SolutionConfigurationPlatforms) = preSolution
		Debug|Any CPU = Debug|Any CPU
		Release|Any CPU = Release|Any CPU
	EndGlobalSection
	GlobalSection(ProjectConfigurationPlatforms) = postSolution
		{551C2F3F-1A61-4DCE-A7AE-6DAF83B7E981}.Debug|Any CPU.ActiveCfg = Debug|Any CPU
		{551C2F3F-1A61-4DCE-A7AE-6DAF83B7E981}.Debug|Any CPU.Build.0 = Debug|Any CPU
		{551C2F3F-1A61-4DCE-A7AE-6DAF83B7E981}.Release|Any CPU.ActiveCfg = Release|Any CPU
		{551C2F3F-1A61-4DCE-A7AE-6DAF83B7E981}.Release|Any CPU.Build.0 = Release|Any CPU
	EndGlobalSection
	GlobalSection(SolutionProperties) = preSolution
		HideSolutionNode = FALSE
	EndGlobalSection
	GlobalSection(ExtensibilityGlobals) = postSolution
		SolutionGuid = {12D23C1A-89FC-4005-A350-62B244482B52}
	EndGlobalSection
EndGlobal
