
Microsoft Visual Studio Solution File, Format Version 12.00
# Visual Studio Version 17
VisualStudioVersion = 17.7.34018.315
MinimumVisualStudioVersion = 10.0.40219.1
Project("{FAE04EC0-301F-11D3-BF4B-00C04F79EFBC}") = "ConsoleApp2", "ConsoleApp2.csproj", "{76CEF57F-958D-4CA5-97F8-CB28EA7DBE2E}"
EndProject
Global
	GlobalSection(SolutionConfigurationPlatforms) = preSolution
		Debug|Any CPU = Debug|Any CPU
		Release|Any CPU = Release|Any CPU
	EndGlobalSection
	GlobalSection(ProjectConfigurationPlatforms) = postSolution
		{76CEF57F-958D-4CA5-97F8-CB28EA7DBE2E}.Debug|Any CPU.ActiveCfg = Debug|Any CPU
		{76CEF57F-958D-4CA5-97F8-CB28EA7DBE2E}.Debug|Any CPU.Build.0 = Debug|Any CPU
		{76CEF57F-958D-4CA5-97F8-CB28EA7DBE2E}.Release|Any CPU.ActiveCfg = Release|Any CPU
		{76CEF57F-958D-4CA5-97F8-CB28EA7DBE2E}.Release|Any CPU.Build.0 = Release|Any CPU
	EndGlobalSection
	GlobalSection(SolutionProperties) = preSolution
		HideSolutionNode = FALSE
	EndGlobalSection
	GlobalSection(ExtensibilityGlobals) = postSolution
		SolutionGuid = {79A83F0F-2922-4D3F-831F-C802E17C77DE}
	EndGlobalSection
EndGlobal
