
Microsoft Visual Studio Solution File, Format Version 12.00
# Visual Studio Version 17
VisualStudioVersion = 17.7.34018.315
MinimumVisualStudioVersion = 10.0.40219.1
Project("{FAE04EC0-301F-11D3-BF4B-00C04F79EFBC}") = "WebApplication4", "WebApplication4.csproj", "{0D1F389C-1430-4890-A1E9-E6C8AC2E1F40}"
EndProject
Global
	GlobalSection(SolutionConfigurationPlatforms) = preSolution
		Debug|Any CPU = Debug|Any CPU
		Release|Any CPU = Release|Any CPU
	EndGlobalSection
	GlobalSection(ProjectConfigurationPlatforms) = postSolution
		{0D1F389C-1430-4890-A1E9-E6C8AC2E1F40}.Debug|Any CPU.ActiveCfg = Debug|Any CPU
		{0D1F389C-1430-4890-A1E9-E6C8AC2E1F40}.Debug|Any CPU.Build.0 = Debug|Any CPU
		{0D1F389C-1430-4890-A1E9-E6C8AC2E1F40}.Release|Any CPU.ActiveCfg = Release|Any CPU
		{0D1F389C-1430-4890-A1E9-E6C8AC2E1F40}.Release|Any CPU.Build.0 = Release|Any CPU
	EndGlobalSection
	GlobalSection(SolutionProperties) = preSolution
		HideSolutionNode = FALSE
	EndGlobalSection
	GlobalSection(ExtensibilityGlobals) = postSolution
		SolutionGuid = {57D9EAFA-2A20-4526-B158-76549A5E0A9F}
	EndGlobalSection
EndGlobal
