
Microsoft Visual Studio Solution File, Format Version 12.00
# Visual Studio Version 17
VisualStudioVersion = 17.7.34018.315
MinimumVisualStudioVersion = 10.0.40219.1
Project("{9A19103F-16F7-4668-BE54-9A1E7A4F7556}") = "WebApplication3", "WebApplication3.csproj", "{61DEA675-EF02-4A1F-A31A-789DA4DBCDF8}"
EndProject
Global
	GlobalSection(SolutionConfigurationPlatforms) = preSolution
		Debug|Any CPU = Debug|Any CPU
		Release|Any CPU = Release|Any CPU
	EndGlobalSection
	GlobalSection(ProjectConfigurationPlatforms) = postSolution
		{61DEA675-EF02-4A1F-A31A-789DA4DBCDF8}.Debug|Any CPU.ActiveCfg = Debug|Any CPU
		{61DEA675-EF02-4A1F-A31A-789DA4DBCDF8}.Debug|Any CPU.Build.0 = Debug|Any CPU
		{61DEA675-EF02-4A1F-A31A-789DA4DBCDF8}.Release|Any CPU.ActiveCfg = Release|Any CPU
		{61DEA675-EF02-4A1F-A31A-789DA4DBCDF8}.Release|Any CPU.Build.0 = Release|Any CPU
	EndGlobalSection
	GlobalSection(SolutionProperties) = preSolution
		HideSolutionNode = FALSE
	EndGlobalSection
	GlobalSection(ExtensibilityGlobals) = postSolution
		SolutionGuid = {9F26564A-4317-4FAD-AC76-81D1B18F1573}
	EndGlobalSection
EndGlobal
