
Microsoft Visual Studio Solution File, Format Version 12.00
# Visual Studio Version 17
VisualStudioVersion = 17.7.34018.315
MinimumVisualStudioVersion = 10.0.40219.1
Project("{FAE04EC0-301F-11D3-BF4B-00C04F79EFBC}") = "ARRAY1", "ARRAY1.csproj", "{4D1E2C76-CD0C-4F88-AEA6-7EC6FE993B67}"
EndProject
Global
	GlobalSection(SolutionConfigurationPlatforms) = preSolution
		Debug|Any CPU = Debug|Any CPU
		Release|Any CPU = Release|Any CPU
	EndGlobalSection
	GlobalSection(ProjectConfigurationPlatforms) = postSolution
		{4D1E2C76-CD0C-4F88-AEA6-7EC6FE993B67}.Debug|Any CPU.ActiveCfg = Debug|Any CPU
		{4D1E2C76-CD0C-4F88-AEA6-7EC6FE993B67}.Debug|Any CPU.Build.0 = Debug|Any CPU
		{4D1E2C76-CD0C-4F88-AEA6-7EC6FE993B67}.Release|Any CPU.ActiveCfg = Release|Any CPU
		{4D1E2C76-CD0C-4F88-AEA6-7EC6FE993B67}.Release|Any CPU.Build.0 = Release|Any CPU
	EndGlobalSection
	GlobalSection(SolutionProperties) = preSolution
		HideSolutionNode = FALSE
	EndGlobalSection
	GlobalSection(ExtensibilityGlobals) = postSolution
		SolutionGuid = {1FB11FD5-A926-48B0-8E88-3E43F36C1025}
	EndGlobalSection
EndGlobal
