
Microsoft Visual Studio Solution File, Format Version 12.00
# Visual Studio Version 17
VisualStudioVersion = 17.7.34018.315
MinimumVisualStudioVersion = 10.0.40219.1
Project("{FAE04EC0-301F-11D3-BF4B-00C04F79EFBC}") = "StringManipulation", "StringManipulation.csproj", "{B018267A-BA2F-49C0-BD42-A4CA80B8D749}"
EndProject
Global
	GlobalSection(SolutionConfigurationPlatforms) = preSolution
		Debug|Any CPU = Debug|Any CPU
		Release|Any CPU = Release|Any CPU
	EndGlobalSection
	GlobalSection(ProjectConfigurationPlatforms) = postSolution
		{B018267A-BA2F-49C0-BD42-A4CA80B8D749}.Debug|Any CPU.ActiveCfg = Debug|Any CPU
		{B018267A-BA2F-49C0-BD42-A4CA80B8D749}.Debug|Any CPU.Build.0 = Debug|Any CPU
		{B018267A-BA2F-49C0-BD42-A4CA80B8D749}.Release|Any CPU.ActiveCfg = Release|Any CPU
		{B018267A-BA2F-49C0-BD42-A4CA80B8D749}.Release|Any CPU.Build.0 = Release|Any CPU
	EndGlobalSection
	GlobalSection(SolutionProperties) = preSolution
		HideSolutionNode = FALSE
	EndGlobalSection
	GlobalSection(ExtensibilityGlobals) = postSolution
		SolutionGuid = {821942C9-19E7-41FD-9C3F-3F572F83820A}
	EndGlobalSection
EndGlobal
