
Microsoft Visual Studio Solution File, Format Version 12.00
# Visual Studio Version 17
VisualStudioVersion = 17.7.34018.315
MinimumVisualStudioVersion = 10.0.40219.1
Project("{FAE04EC0-301F-11D3-BF4B-00C04F79EFBC}") = "Demo.API", "Demo.API.csproj", "{21D941B3-2879-4883-97DA-8F2724A2AE51}"
EndProject
Global
	GlobalSection(SolutionConfigurationPlatforms) = preSolution
		Debug|Any CPU = Debug|Any CPU
		Release|Any CPU = Release|Any CPU
	EndGlobalSection
	GlobalSection(ProjectConfigurationPlatforms) = postSolution
		{21D941B3-2879-4883-97DA-8F2724A2AE51}.Debug|Any CPU.ActiveCfg = Debug|Any CPU
		{21D941B3-2879-4883-97DA-8F2724A2AE51}.Debug|Any CPU.Build.0 = Debug|Any CPU
		{21D941B3-2879-4883-97DA-8F2724A2AE51}.Release|Any CPU.ActiveCfg = Release|Any CPU
		{21D941B3-2879-4883-97DA-8F2724A2AE51}.Release|Any CPU.Build.0 = Release|Any CPU
	EndGlobalSection
	GlobalSection(SolutionProperties) = preSolution
		HideSolutionNode = FALSE
	EndGlobalSection
	GlobalSection(ExtensibilityGlobals) = postSolution
		SolutionGuid = {97C43CDA-4BD5-430A-98EF-47EFE82C9E09}
	EndGlobalSection
EndGlobal
